Microsoft Visual Studio Solution File, Format Version 12.00
# Visual Studio 2012
Project("{FAE04EC0-301F-11D3-BF4B-00C04F79EFBC}") = "RedHackathon", "RedHackathon.csproj", "{0ECA6927-1062-4F15-A10F-5F9EBC86078A}"
EndProject
Global
	GlobalSection(SolutionConfigurationPlatforms) = preSolution
	Debug|Any CPU = Debug|Any CPU
	ExportDebug|Any CPU = ExportDebug|Any CPU
	ExportRelease|Any CPU = ExportRelease|Any CPU
	EndGlobalSection
	GlobalSection(ProjectConfigurationPlatforms) = postSolution
		{0ECA6927-1062-4F15-A10F-5F9EBC86078A}.Debug|Any CPU.ActiveCfg = Debug|Any CPU
		{0ECA6927-1062-4F15-A10F-5F9EBC86078A}.Debug|Any CPU.Build.0 = Debug|Any CPU
		{0ECA6927-1062-4F15-A10F-5F9EBC86078A}.ExportDebug|Any CPU.ActiveCfg = ExportDebug|Any CPU
		{0ECA6927-1062-4F15-A10F-5F9EBC86078A}.ExportDebug|Any CPU.Build.0 = ExportDebug|Any CPU
		{0ECA6927-1062-4F15-A10F-5F9EBC86078A}.ExportRelease|Any CPU.ActiveCfg = ExportRelease|Any CPU
		{0ECA6927-1062-4F15-A10F-5F9EBC86078A}.ExportRelease|Any CPU.Build.0 = ExportRelease|Any CPU
	EndGlobalSection
EndGlobal
